
Microsoft Visual Studio Solution File, Format Version 9.00
# Visual Studio 2005
Project("{FAE04EC0-301F-11D3-BF4B-00C04F79EFBC}") = "GameOn", "GameOn.csproj", "{17242BC0-84FC-4806-8EF2-20A3B7B99127}"
EndProject
Global
	GlobalSection(SourceCodeControl) = preSolution
		SccNumberOfProjects = 2
		SccLocalPath0 = .
		SccProjectUniqueName1 = GameOn.csproj
		SccLocalPath1 = .
	EndGlobalSection
	GlobalSection(SolutionConfigurationPlatforms) = preSolution
		Debug|Any CPU = Debug|Any CPU
		Release|Any CPU = Release|Any CPU
	EndGlobalSection
	GlobalSection(ProjectConfigurationPlatforms) = postSolution
		{17242BC0-84FC-4806-8EF2-20A3B7B99127}.Debug|Any CPU.ActiveCfg = Debug|Any CPU
		{17242BC0-84FC-4806-8EF2-20A3B7B99127}.Debug|Any CPU.Build.0 = Debug|Any CPU
		{17242BC0-84FC-4806-8EF2-20A3B7B99127}.Release|Any CPU.ActiveCfg = Release|Any CPU
		{17242BC0-84FC-4806-8EF2-20A3B7B99127}.Release|Any CPU.Build.0 = Release|Any CPU
	EndGlobalSection
	GlobalSection(SolutionProperties) = preSolution
		HideSolutionNode = FALSE
	EndGlobalSection
EndGlobal
